
Microsoft Visual Studio Solution File, Format Version 12.00
# Visual Studio Version 16
VisualStudioVersion = 16.0.31019.35
MinimumVisualStudioVersion = 10.0.40219.1
Project("{FAE04EC0-301F-11D3-BF4B-00C04F79EFBC}") = "Menadżer_Zamówień", "Menadżer_Zamówień\Menadżer_Zamówień.csproj", "{1753A2AD-1AB4-4004-83E4-0B59543C5BE7}"
EndProject
Global
	GlobalSection(SolutionConfigurationPlatforms) = preSolution
		Debug|Any CPU = Debug|Any CPU
		Release|Any CPU = Release|Any CPU
	EndGlobalSection
	GlobalSection(ProjectConfigurationPlatforms) = postSolution
		{1753A2AD-1AB4-4004-83E4-0B59543C5BE7}.Debug|Any CPU.ActiveCfg = Debug|Any CPU
		{1753A2AD-1AB4-4004-83E4-0B59543C5BE7}.Debug|Any CPU.Build.0 = Debug|Any CPU
		{1753A2AD-1AB4-4004-83E4-0B59543C5BE7}.Release|Any CPU.ActiveCfg = Release|Any CPU
		{1753A2AD-1AB4-4004-83E4-0B59543C5BE7}.Release|Any CPU.Build.0 = Release|Any CPU
	EndGlobalSection
	GlobalSection(SolutionProperties) = preSolution
		HideSolutionNode = FALSE
	EndGlobalSection
	GlobalSection(ExtensibilityGlobals) = postSolution
		SolutionGuid = {F6BE3ED1-F412-4065-9401-F57C4ADC087C}
	EndGlobalSection
EndGlobal
